
Microsoft Visual Studio Solution File, Format Version 12.00
# Visual Studio Version 17
VisualStudioVersion = 17.7.34202.233
MinimumVisualStudioVersion = 10.0.40219.1
Project("{FAE04EC0-301F-11D3-BF4B-00C04F79EFBC}") = "Workaround", "Workaround\Workaround.csproj", "{6C173BCB-9BEA-454F-B8E2-E8C659ADE188}"
EndProject
Project("{FAE04EC0-301F-11D3-BF4B-00C04F79EFBC}") = "Entities", "Entities\Entities.csproj", "{7BB74207-73A3-4FC2-BB0A-985966AB826D}"
EndProject
Project("{FAE04EC0-301F-11D3-BF4B-00C04F79EFBC}") = "Business", "Business\Business.csproj", "{EBF42053-F9D2-4DEB-8FA9-2AA228AC1777}"
EndProject
Global
	GlobalSection(SolutionConfigurationPlatforms) = preSolution
		Debug|Any CPU = Debug|Any CPU
		Release|Any CPU = Release|Any CPU
	EndGlobalSection
	GlobalSection(ProjectConfigurationPlatforms) = postSolution
		{6C173BCB-9BEA-454F-B8E2-E8C659ADE188}.Debug|Any CPU.ActiveCfg = Debug|Any CPU
		{6C173BCB-9BEA-454F-B8E2-E8C659ADE188}.Debug|Any CPU.Build.0 = Debug|Any CPU
		{6C173BCB-9BEA-454F-B8E2-E8C659ADE188}.Release|Any CPU.ActiveCfg = Release|Any CPU
		{6C173BCB-9BEA-454F-B8E2-E8C659ADE188}.Release|Any CPU.Build.0 = Release|Any CPU
		{7BB74207-73A3-4FC2-BB0A-985966AB826D}.Debug|Any CPU.ActiveCfg = Debug|Any CPU
		{7BB74207-73A3-4FC2-BB0A-985966AB826D}.Debug|Any CPU.Build.0 = Debug|Any CPU
		{7BB74207-73A3-4FC2-BB0A-985966AB826D}.Release|Any CPU.ActiveCfg = Release|Any CPU
		{7BB74207-73A3-4FC2-BB0A-985966AB826D}.Release|Any CPU.Build.0 = Release|Any CPU
		{EBF42053-F9D2-4DEB-8FA9-2AA228AC1777}.Debug|Any CPU.ActiveCfg = Debug|Any CPU
		{EBF42053-F9D2-4DEB-8FA9-2AA228AC1777}.Debug|Any CPU.Build.0 = Debug|Any CPU
		{EBF42053-F9D2-4DEB-8FA9-2AA228AC1777}.Release|Any CPU.ActiveCfg = Release|Any CPU
		{EBF42053-F9D2-4DEB-8FA9-2AA228AC1777}.Release|Any CPU.Build.0 = Release|Any CPU
	EndGlobalSection
	GlobalSection(SolutionProperties) = preSolution
		HideSolutionNode = FALSE
	EndGlobalSection
	GlobalSection(ExtensibilityGlobals) = postSolution
		SolutionGuid = {221553BD-77AD-47A4-ACDA-05909BB3D4E5}
	EndGlobalSection
EndGlobal
